<?xml version="1.0" encoding="utf-8"?>
<Project ToolsVersion="4.0" xmlns="http://schemas.microsoft.com/developer/msbuild/2003">
  <ItemGroup>
    <Filter Include="Source Files">
      <UniqueIdentifier>{4FC737F1-C7A5-4376-A066-2A32D752A2FF}</UniqueIdentifier>
      <Extensions>cpp;c;cc;cxx;def;odl;idl;hpj;bat;asm;asmx</Extensions>
    </Filter>
    <Filter Include="Header Files">
      <UniqueIdentifier>{93995380-89BD-4b04-88EB-625FBE52EBFB}</UniqueIdentifier>
      <Extensions>h;hh;hpp;hxx;hm;inl;inc;xsd</Extensions>
    </Filter>
    <Filter Include="Resource Files">
      <UniqueIdentifier>{67DA6AB6-F800-4c08-8B7A-83BB121AAD01}</UniqueIdentifier>
      <Extensions>rc;ico;cur;bmp;dlg;rc2;rct;bin;rgs;gif;jpg;jpeg;jpe;resx;tiff;tif;png;wav</Extensions>
    </Filter>
  </ItemGroup>
  <ItemGroup>
    <ClCompile Include="AsciiDump.cpp">
      <Filter>Source Files</Filter>
    </ClCompile>
    <ClCompile Include="Attack.cpp">
      <Filter>Source Files</Filter>
    </ClCompile>
    <ClCompile Include="Bitmaps.cpp">
      <Filter>Source Files</Filter>
    </ClCompile>
    <ClCompile Include="Chaos.cpp">
      <Filter>Source Files</Filter>
    </ClCompile>
    <ClCompile Include="Character.cpp">
      <Filter>Source Files</Filter>
    </ClCompile>
    <ClCompile Include="Code11f52.cpp">
      <Filter>Source Files</Filter>
    </ClCompile>
    <ClCompile Include="Code13ea4.cpp">
      <Filter>Source Files</Filter>
    </ClCompile>
    <ClCompile Include="Code17818.cpp">
      <Filter>Source Files</Filter>
    </ClCompile>
    <ClCompile Include="Code1f9e6.cpp">
      <Filter>Source Files</Filter>
    </ClCompile>
    <ClCompile Include="Code222ea.cpp">
      <Filter>Source Files</Filter>
    </ClCompile>
    <ClCompile Include="Code390e.cpp">
      <Filter>Source Files</Filter>
    </ClCompile>
    <ClCompile Include="Code51a4.cpp">
      <Filter>Source Files</Filter>
    </ClCompile>
    <ClCompile Include="Codea59a.cpp">
      <Filter>Source Files</Filter>
    </ClCompile>
    <ClCompile Include="CSBCode.cpp">
      <Filter>Source Files</Filter>
    </ClCompile>
    <ClCompile Include="CSBUI.cpp">
      <Filter>Source Files</Filter>
    </ClCompile>
    <ClCompile Include="CSBwin.cpp">
      <Filter>Source Files</Filter>
    </ClCompile>
    <ClCompile Include="data.cpp">
      <Filter>Source Files</Filter>
    </ClCompile>
    <ClCompile Include="DSA.cpp">
      <Filter>Source Files</Filter>
    </ClCompile>
    <ClCompile Include="Graphics.cpp">
      <Filter>Source Files</Filter>
    </ClCompile>
    <ClCompile Include="Hint.cpp">
      <Filter>Source Files</Filter>
    </ClCompile>
    <ClCompile Include="Magic.cpp">
      <Filter>Source Files</Filter>
    </ClCompile>
    <ClCompile Include="md5C.cpp">
      <Filter>Source Files</Filter>
    </ClCompile>
    <ClCompile Include="Menu.cpp">
      <Filter>Source Files</Filter>
    </ClCompile>
    <ClCompile Include="Monster.cpp">
      <Filter>Source Files</Filter>
    </ClCompile>
    <ClCompile Include="Mouse.cpp">
      <Filter>Source Files</Filter>
    </ClCompile>
    <ClCompile Include="MoveObject.cpp">
      <Filter>Source Files</Filter>
    </ClCompile>
    <ClCompile Include="NewBugs.cpp">
      <Filter>Source Files</Filter>
    </ClCompile>
    <ClCompile Include="OldBugs.cpp">
      <Filter>Source Files</Filter>
    </ClCompile>
    <ClCompile Include="RC4.cpp">
      <Filter>Source Files</Filter>
    </ClCompile>
    <ClCompile Include="Recording.cpp">
      <Filter>Source Files</Filter>
    </ClCompile>
    <ClCompile Include="SaveGame.cpp">
      <Filter>Source Files</Filter>
    </ClCompile>
    <ClCompile Include="SmartDiscard.cpp">
      <Filter>Source Files</Filter>
    </ClCompile>
    <ClCompile Include="Sound.cpp">
      <Filter>Source Files</Filter>
    </ClCompile>
    <ClCompile Include="Statistics.cpp">
      <Filter>Source Files</Filter>
    </ClCompile>
    <ClCompile Include="Stdafx.cpp">
      <Filter>Source Files</Filter>
    </ClCompile>
    <ClCompile Include="system.cpp">
      <Filter>Source Files</Filter>
    </ClCompile>
    <ClCompile Include="Timer.cpp">
      <Filter>Source Files</Filter>
    </ClCompile>
    <ClCompile Include="Translation.cpp">
      <Filter>Source Files</Filter>
    </ClCompile>
    <ClCompile Include="utility.cpp">
      <Filter>Source Files</Filter>
    </ClCompile>
    <ClCompile Include="VBL.cpp">
      <Filter>Source Files</Filter>
    </ClCompile>
    <ClCompile Include="Viewport.cpp">
      <Filter>Source Files</Filter>
    </ClCompile>
    <ClCompile Include="WinScreen.cpp">
      <Filter>Source Files</Filter>
    </ClCompile>
    <ClCompile Include="Swoosh.cpp">
      <Filter>Source Files</Filter>
    </ClCompile>
  </ItemGroup>
  <ItemGroup>
    <None Include="WindowsFileName.inl">
      <Filter>Header Files</Filter>
    </None>
    <None Include="cursor3.cur">
      <Filter>Resource Files</Filter>
    </None>
  </ItemGroup>
  <ItemGroup>
    <ClInclude Include="confdefs.h">
      <Filter>Header Files</Filter>
    </ClInclude>
    <ClInclude Include="CSB.h">
      <Filter>Header Files</Filter>
    </ClInclude>
    <ClInclude Include="CSBTypes.h">
      <Filter>Header Files</Filter>
    </ClInclude>
    <ClInclude Include="Data.h">
      <Filter>Header Files</Filter>
    </ClInclude>
    <ClInclude Include="Dispatch.h">
      <Filter>Header Files</Filter>
    </ClInclude>
    <ClInclude Include="Objects.h">
      <Filter>Header Files</Filter>
    </ClInclude>
    <ClInclude Include="Prefix.h">
      <Filter>Header Files</Filter>
    </ClInclude>
    <ClInclude Include="Recording.h">
      <Filter>Header Files</Filter>
    </ClInclude>
    <ClInclude Include="resource.h">
      <Filter>Header Files</Filter>
    </ClInclude>
    <ClInclude Include="stdafx.h">
      <Filter>Header Files</Filter>
    </ClInclude>
    <ClInclude Include="UI.h">
      <Filter>Header Files</Filter>
    </ClInclude>
  </ItemGroup>
  <ItemGroup>
    <ResourceCompile Include="CSBwin.rc">
      <Filter>Resource Files</Filter>
    </ResourceCompile>
  </ItemGroup>
  <ItemGroup>
    <Image Include="CSBwin.ICO">
      <Filter>Resource Files</Filter>
    </Image>
    <Image Include="SMALL.ICO">
      <Filter>Resource Files</Filter>
    </Image>
  </ItemGroup>
</Project>